
Microsoft Visual Studio Solution File, Format Version 12.00
# Visual Studio Version 17
VisualStudioVersion = 17.1.32421.90
MinimumVisualStudioVersion = 15.0.26124.0
Project("{9A19103F-16F7-4668-BE54-9A1E7A4F7556}") = "dotnet-core", "dotnet-core.csproj", "{DE2B15FD-02C0-42C4-BECD-802083E53934}"
EndProject
Project("{FAE04EC0-301F-11D3-BF4B-00C04F79EFBC}") = "devolutions-crypto", "devolutions-crypto\devolutions-crypto.csproj", "{68627F91-00FC-42AA-9A0E-613AF79CB3B3}"
EndProject
Global
	GlobalSection(SolutionConfigurationPlatforms) = preSolution
		Debug|Any CPU = Debug|Any CPU
		Debug|x64 = Debug|x64
		Debug|x86 = Debug|x86
		Release|Any CPU = Release|Any CPU
		Release|x64 = Release|x64
		Release|x86 = Release|x86
	EndGlobalSection
	GlobalSection(ProjectConfigurationPlatforms) = postSolution
		{DE2B15FD-02C0-42C4-BECD-802083E53934}.Debug|Any CPU.ActiveCfg = Debug|Any CPU
		{DE2B15FD-02C0-42C4-BECD-802083E53934}.Debug|Any CPU.Build.0 = Debug|Any CPU
		{DE2B15FD-02C0-42C4-BECD-802083E53934}.Debug|x64.ActiveCfg = Debug|Any CPU
		{DE2B15FD-02C0-42C4-BECD-802083E53934}.Debug|x64.Build.0 = Debug|Any CPU
		{DE2B15FD-02C0-42C4-BECD-802083E53934}.Debug|x86.ActiveCfg = Debug|Any CPU
		{DE2B15FD-02C0-42C4-BECD-802083E53934}.Debug|x86.Build.0 = Debug|Any CPU
		{DE2B15FD-02C0-42C4-BECD-802083E53934}.Release|Any CPU.ActiveCfg = Release|Any CPU
		{DE2B15FD-02C0-42C4-BECD-802083E53934}.Release|Any CPU.Build.0 = Release|Any CPU
		{DE2B15FD-02C0-42C4-BECD-802083E53934}.Release|x64.ActiveCfg = Release|Any CPU
		{DE2B15FD-02C0-42C4-BECD-802083E53934}.Release|x64.Build.0 = Release|Any CPU
		{DE2B15FD-02C0-42C4-BECD-802083E53934}.Release|x86.ActiveCfg = Release|Any CPU
		{DE2B15FD-02C0-42C4-BECD-802083E53934}.Release|x86.Build.0 = Release|Any CPU
		{68627F91-00FC-42AA-9A0E-613AF79CB3B3}.Debug|Any CPU.ActiveCfg = Debug|Any CPU
		{68627F91-00FC-42AA-9A0E-613AF79CB3B3}.Debug|Any CPU.Build.0 = Debug|Any CPU
		{68627F91-00FC-42AA-9A0E-613AF79CB3B3}.Debug|x64.ActiveCfg = Debug|Any CPU
		{68627F91-00FC-42AA-9A0E-613AF79CB3B3}.Debug|x64.Build.0 = Debug|Any CPU
		{68627F91-00FC-42AA-9A0E-613AF79CB3B3}.Debug|x86.ActiveCfg = Debug|Any CPU
		{68627F91-00FC-42AA-9A0E-613AF79CB3B3}.Debug|x86.Build.0 = Debug|Any CPU
		{68627F91-00FC-42AA-9A0E-613AF79CB3B3}.Release|Any CPU.ActiveCfg = Release|Any CPU
		{68627F91-00FC-42AA-9A0E-613AF79CB3B3}.Release|Any CPU.Build.0 = Release|Any CPU
		{68627F91-00FC-42AA-9A0E-613AF79CB3B3}.Release|x64.ActiveCfg = Release|Any CPU
		{68627F91-00FC-42AA-9A0E-613AF79CB3B3}.Release|x64.Build.0 = Release|Any CPU
		{68627F91-00FC-42AA-9A0E-613AF79CB3B3}.Release|x86.ActiveCfg = Release|Any CPU
		{68627F91-00FC-42AA-9A0E-613AF79CB3B3}.Release|x86.Build.0 = Release|Any CPU
	EndGlobalSection
	GlobalSection(SolutionProperties) = preSolution
		HideSolutionNode = FALSE
	EndGlobalSection
	GlobalSection(ExtensibilityGlobals) = postSolution
		SolutionGuid = {36721C0D-95C6-45A5-AF50-04394B90A2A9}
	EndGlobalSection
EndGlobal
