
Microsoft Visual Studio Solution File, Format Version 12.00
# Visual Studio 15
Project("{FAE04EC0-301F-11D3-BF4B-00C04F79EFBC}") = "Devolutions.Crypto.iOS", "Devolutions.Crypto.iOS\Devolutions.Crypto.iOS.csproj", "{7D170006-A592-4F6B-A57C-59ECBC2B37B9}"
EndProject
Project("{2150E333-8FDC-42A3-9474-1A3956D46DE8}") = "Devolutions.Crypto.iOS.NuGet", "Devolutions.Crypto.iOS.NuGet", "{B4635D37-5FD7-45D2-8C4E-C78300BC29AE}"
	ProjectSection(SolutionItems) = preProject
		Devolutions.Crypto.nuspec = Devolutions.Crypto.nuspec
	EndProjectSection
EndProject
Global
	GlobalSection(SolutionConfigurationPlatforms) = preSolution
		Debug|Any CPU = Debug|Any CPU
		Release|Any CPU = Release|Any CPU
	EndGlobalSection
	GlobalSection(ProjectConfigurationPlatforms) = postSolution
		{7D170006-A592-4F6B-A57C-59ECBC2B37B9}.Debug|Any CPU.ActiveCfg = Debug|Any CPU
		{7D170006-A592-4F6B-A57C-59ECBC2B37B9}.Debug|Any CPU.Build.0 = Debug|Any CPU
		{7D170006-A592-4F6B-A57C-59ECBC2B37B9}.Release|Any CPU.ActiveCfg = Release|Any CPU
		{7D170006-A592-4F6B-A57C-59ECBC2B37B9}.Release|Any CPU.Build.0 = Release|Any CPU
	EndGlobalSection
EndGlobal
