
Microsoft Visual Studio Solution File, Format Version 12.00
# Visual Studio 15
Project("{FAE04EC0-301F-11D3-BF4B-00C04F79EFBC}") = "Devolutions.Crypto.Android", "Devolutions.Crypto.Android\Devolutions.Crypto.Android.csproj", "{3396BCB2-53EE-4376-83DD-BA07CEC8876F}"
EndProject
Project("{2150E333-8FDC-42A3-9474-1A3956D46DE8}") = "Devolutions.Crypto.Android.NuGet", "Devolutions.Crypto.Android.NuGet", "{8254380E-5F61-41DD-8672-FA0C9070239F}"
	ProjectSection(SolutionItems) = preProject
		Devolutions.Crypto.nuspec = Devolutions.Crypto.nuspec
	EndProjectSection
EndProject
Project("{FAE04EC0-301F-11D3-BF4B-00C04F79EFBC}") = "devolutions-crypto", "..\..\..\src\devolutions-crypto.csproj", "{99DA8C37-49D6-4BF4-A3F4-09968649EA65}"
EndProject
Global
	GlobalSection(SolutionConfigurationPlatforms) = preSolution
		Debug|Any CPU = Debug|Any CPU
		Release|Any CPU = Release|Any CPU
	EndGlobalSection
	GlobalSection(ProjectConfigurationPlatforms) = postSolution
		{3396BCB2-53EE-4376-83DD-BA07CEC8876F}.Debug|Any CPU.ActiveCfg = Debug|Any CPU
		{3396BCB2-53EE-4376-83DD-BA07CEC8876F}.Debug|Any CPU.Build.0 = Debug|Any CPU
		{3396BCB2-53EE-4376-83DD-BA07CEC8876F}.Release|Any CPU.ActiveCfg = Release|Any CPU
		{3396BCB2-53EE-4376-83DD-BA07CEC8876F}.Release|Any CPU.Build.0 = Release|Any CPU
		{99DA8C37-49D6-4BF4-A3F4-09968649EA65}.Debug|Any CPU.ActiveCfg = Debug|Any CPU
		{99DA8C37-49D6-4BF4-A3F4-09968649EA65}.Debug|Any CPU.Build.0 = Debug|Any CPU
		{99DA8C37-49D6-4BF4-A3F4-09968649EA65}.Release|Any CPU.ActiveCfg = Release|Any CPU
		{99DA8C37-49D6-4BF4-A3F4-09968649EA65}.Release|Any CPU.Build.0 = Release|Any CPU
	EndGlobalSection
EndGlobal
