
Microsoft Visual Studio Solution File, Format Version 12.00
# Visual Studio 15
Project("{FAE04EC0-301F-11D3-BF4B-00C04F79EFBC}") = "xamarin-ios", "xamarin-ios.csproj", "{7AD24B51-66E5-48E9-927D-916062D65FB6}"
EndProject
Project("{FAE04EC0-301F-11D3-BF4B-00C04F79EFBC}") = "devolutions-crypto", "devolutions-crypto\devolutions-crypto.csproj", "{17D15824-FC39-4514-A212-A04F44FFBE1F}"
EndProject
Global
	GlobalSection(SolutionConfigurationPlatforms) = preSolution
		Debug|iPhoneSimulator = Debug|iPhoneSimulator
		Release|iPhone = Release|iPhone
		Release|iPhoneSimulator = Release|iPhoneSimulator
		Debug|iPhone = Debug|iPhone
	EndGlobalSection
	GlobalSection(ProjectConfigurationPlatforms) = postSolution
		{7AD24B51-66E5-48E9-927D-916062D65FB6}.Debug|iPhoneSimulator.ActiveCfg = Debug|iPhoneSimulator
		{7AD24B51-66E5-48E9-927D-916062D65FB6}.Debug|iPhoneSimulator.Build.0 = Debug|iPhoneSimulator
		{7AD24B51-66E5-48E9-927D-916062D65FB6}.Release|iPhone.ActiveCfg = Release|iPhone
		{7AD24B51-66E5-48E9-927D-916062D65FB6}.Release|iPhone.Build.0 = Release|iPhone
		{7AD24B51-66E5-48E9-927D-916062D65FB6}.Release|iPhoneSimulator.ActiveCfg = Release|iPhoneSimulator
		{7AD24B51-66E5-48E9-927D-916062D65FB6}.Release|iPhoneSimulator.Build.0 = Release|iPhoneSimulator
		{7AD24B51-66E5-48E9-927D-916062D65FB6}.Debug|iPhone.ActiveCfg = Debug|iPhone
		{7AD24B51-66E5-48E9-927D-916062D65FB6}.Debug|iPhone.Build.0 = Debug|iPhone
		{17D15824-FC39-4514-A212-A04F44FFBE1F}.Debug|iPhoneSimulator.ActiveCfg = Debug|Any CPU
		{17D15824-FC39-4514-A212-A04F44FFBE1F}.Debug|iPhoneSimulator.Build.0 = Debug|Any CPU
		{17D15824-FC39-4514-A212-A04F44FFBE1F}.Release|iPhone.ActiveCfg = Release|Any CPU
		{17D15824-FC39-4514-A212-A04F44FFBE1F}.Release|iPhone.Build.0 = Release|Any CPU
		{17D15824-FC39-4514-A212-A04F44FFBE1F}.Release|iPhoneSimulator.ActiveCfg = Release|Any CPU
		{17D15824-FC39-4514-A212-A04F44FFBE1F}.Release|iPhoneSimulator.Build.0 = Release|Any CPU
		{17D15824-FC39-4514-A212-A04F44FFBE1F}.Debug|iPhone.ActiveCfg = Debug|Any CPU
		{17D15824-FC39-4514-A212-A04F44FFBE1F}.Debug|iPhone.Build.0 = Debug|Any CPU
	EndGlobalSection
EndGlobal
