
Microsoft Visual Studio Solution File, Format Version 12.00
# Visual Studio 15
Project("{FAE04EC0-301F-11D3-BF4B-00C04F79EFBC}") = "Devolutions.Crypto.Mac", "Devolutions.Crypto.Mac\Devolutions.Crypto.Mac.csproj", "{BAB5CF62-F020-46E4-B5F9-7D5D7347867B}"
EndProject
Project("{2150E333-8FDC-42A3-9474-1A3956D46DE8}") = "Devolutions.Crypto.Mac.NuGet", "Devolutions.Crypto.Mac.NuGet", "{6043CB13-1B2E-4EF3-8A11-81FCA66A119C}"
	ProjectSection(SolutionItems) = preProject
		Devolutions.Crypto.nuspec = Devolutions.Crypto.nuspec
	EndProjectSection
EndProject
Global
	GlobalSection(SolutionConfigurationPlatforms) = preSolution
		Debug|Any CPU = Debug|Any CPU
		Release|Any CPU = Release|Any CPU
	EndGlobalSection
	GlobalSection(ProjectConfigurationPlatforms) = postSolution
		{BAB5CF62-F020-46E4-B5F9-7D5D7347867B}.Debug|Any CPU.ActiveCfg = Debug|Any CPU
		{BAB5CF62-F020-46E4-B5F9-7D5D7347867B}.Debug|Any CPU.Build.0 = Debug|Any CPU
		{BAB5CF62-F020-46E4-B5F9-7D5D7347867B}.Release|Any CPU.ActiveCfg = Release|Any CPU
		{BAB5CF62-F020-46E4-B5F9-7D5D7347867B}.Release|Any CPU.Build.0 = Release|Any CPU
	EndGlobalSection
EndGlobal
