# This file is automatically @generated by Cargo.
# It is not intended for manual editing.
version = 3

[[package]]
name = "aead"
version = "0.4.3"
source = "registry+https://github.com/rust-lang/crates.io-index"
checksum = "0b613b8e1e3cf911a086f53f03bf286f52fd7a7258e4fa606f0ef220d39d8877"
dependencies = [
 "generic-array",
]

[[package]]
name = "aes"
version = "0.7.5"
source = "registry+https://github.com/rust-lang/crates.io-index"
checksum = "9e8b47f52ea9bae42228d07ec09eb676433d7c4ed1ebdf0f1d1c29ed446f1ab8"
dependencies = [
 "cfg-if",
 "cipher",
 "cpufeatures",
 "opaque-debug",
]

[[package]]
name = "ahash"
version = "0.4.7"
source = "registry+https://github.com/rust-lang/crates.io-index"
checksum = "739f4a8db6605981345c5654f3a85b056ce52f37a39d34da03f25bf2151ea16e"

[[package]]
name = "ansi_term"
version = "0.11.0"
source = "registry+https://github.com/rust-lang/crates.io-index"
checksum = "ee49baf6cb617b853aa8d93bf420db2383fab46d314482ca2803b40d5fde979b"
dependencies = [
 "winapi",
]

[[package]]
name = "arbitrary"
version = "0.4.7"
source = "registry+https://github.com/rust-lang/crates.io-index"
checksum = "db55d72333851e17d572bec876e390cd3b11eb1ef53ae821dd9f3b653d2b4569"
dependencies = [
 "derive_arbitrary",
]

[[package]]
name = "arrayref"
version = "0.3.6"
source = "registry+https://github.com/rust-lang/crates.io-index"
checksum = "a4c527152e37cf757a3f78aae5a06fbeefdb07ccc535c980a3208ee3060dd544"

[[package]]
name = "arrayvec"
version = "0.5.2"
source = "registry+https://github.com/rust-lang/crates.io-index"
checksum = "23b62fc65de8e4e7f52534fb52b0f3ed04746ae267519eef2a83941e8085068b"

[[package]]
name = "atty"
version = "0.2.14"
source = "registry+https://github.com/rust-lang/crates.io-index"
checksum = "d9b39be18770d11421cdb1b9947a45dd3f37e93092cbf377614828a319d5fee8"
dependencies = [
 "hermit-abi",
 "libc",
 "winapi",
]

[[package]]
name = "autocfg"
version = "1.0.1"
source = "registry+https://github.com/rust-lang/crates.io-index"
checksum = "cdb031dd78e28731d87d56cc8ffef4a8f36ca26c38fe2de700543e627f8a464a"

[[package]]
name = "base64"
version = "0.13.0"
source = "registry+https://github.com/rust-lang/crates.io-index"
checksum = "904dfeac50f3cdaba28fc6f57fdcddb75f49ed61346676a78c4ffe55877802fd"

[[package]]
name = "bitflags"
version = "1.3.2"
source = "registry+https://github.com/rust-lang/crates.io-index"
checksum = "bef38d45163c2f1dde094a7dfd33ccf595c92905c8f8f4fdc18d06fb1037718a"

[[package]]
name = "blake2b_simd"
version = "0.5.11"
source = "registry+https://github.com/rust-lang/crates.io-index"
checksum = "afa748e348ad3be8263be728124b24a24f268266f6f5d58af9d75f6a40b5c587"
dependencies = [
 "arrayref",
 "arrayvec",
 "constant_time_eq",
]

[[package]]
name = "block-buffer"
version = "0.9.0"
source = "registry+https://github.com/rust-lang/crates.io-index"
checksum = "4152116fd6e9dadb291ae18fc1ec3575ed6d84c29642d97890f4b4a3417297e4"
dependencies = [
 "generic-array",
]

[[package]]
name = "block-modes"
version = "0.8.1"
source = "registry+https://github.com/rust-lang/crates.io-index"
checksum = "2cb03d1bed155d89dce0f845b7899b18a9a163e148fd004e1c28421a783e2d8e"
dependencies = [
 "block-padding",
 "cipher",
]

[[package]]
name = "block-padding"
version = "0.2.1"
source = "registry+https://github.com/rust-lang/crates.io-index"
checksum = "8d696c370c750c948ada61c69a0ee2cbbb9c50b1019ddb86d9317157a99c2cae"

[[package]]
name = "bumpalo"
version = "3.8.0"
source = "registry+https://github.com/rust-lang/crates.io-index"
checksum = "8f1e260c3a9040a7c19a12468758f4c16f31a81a1fe087482be9570ec864bb6c"

[[package]]
name = "byteorder"
version = "1.4.3"
source = "registry+https://github.com/rust-lang/crates.io-index"
checksum = "14c189c53d098945499cdfa7ecc63567cf3886b3332b312a5b4585d8d3a6a610"

[[package]]
name = "cbindgen"
version = "0.20.0"
source = "registry+https://github.com/rust-lang/crates.io-index"
checksum = "51e3973b165dc0f435831a9e426de67e894de532754ff7a3f307c03ee5dec7dc"
dependencies = [
 "clap",
 "heck",
 "indexmap",
 "log",
 "proc-macro2",
 "quote",
 "serde",
 "serde_json",
 "syn",
 "tempfile",
 "toml",
]

[[package]]
name = "cfg-if"
version = "1.0.0"
source = "registry+https://github.com/rust-lang/crates.io-index"
checksum = "baf1de4339761588bc0619e3cbc0120ee582ebb74b53b4efbf79117bd2da40fd"

[[package]]
name = "chacha20"
version = "0.8.1"
source = "registry+https://github.com/rust-lang/crates.io-index"
checksum = "01b72a433d0cf2aef113ba70f62634c56fddb0f244e6377185c56a7cadbd8f91"
dependencies = [
 "cfg-if",
 "cipher",
 "cpufeatures",
 "zeroize",
]

[[package]]
name = "chacha20poly1305"
version = "0.9.0"
source = "registry+https://github.com/rust-lang/crates.io-index"
checksum = "3b84ed6d1d5f7aa9bdde921a5090e0ca4d934d250ea3b402a5fab3a994e28a2a"
dependencies = [
 "aead",
 "chacha20",
 "cipher",
 "poly1305",
 "zeroize",
]

[[package]]
name = "cipher"
version = "0.3.0"
source = "registry+https://github.com/rust-lang/crates.io-index"
checksum = "7ee52072ec15386f770805afd189a01c8841be8696bed250fa2f13c4c0d6dfb7"
dependencies = [
 "generic-array",
]

[[package]]
name = "clap"
version = "2.33.3"
source = "registry+https://github.com/rust-lang/crates.io-index"
checksum = "37e58ac78573c40708d45522f0d80fa2f01cc4f9b4e2bf749807255454312002"
dependencies = [
 "ansi_term",
 "atty",
 "bitflags",
 "strsim",
 "textwrap",
 "unicode-width",
 "vec_map",
]

[[package]]
name = "console_error_panic_hook"
version = "0.1.7"
source = "registry+https://github.com/rust-lang/crates.io-index"
checksum = "a06aeb73f470f66dcdbf7223caeebb85984942f22f1adb2a088cf9668146bbbc"
dependencies = [
 "cfg-if",
 "wasm-bindgen",
]

[[package]]
name = "constant_time_eq"
version = "0.1.5"
source = "registry+https://github.com/rust-lang/crates.io-index"
checksum = "245097e9a4535ee1e3e3931fcfcd55a796a44c643e8596ff6566d68f09b87bbc"

[[package]]
name = "cpufeatures"
version = "0.2.1"
source = "registry+https://github.com/rust-lang/crates.io-index"
checksum = "95059428f66df56b63431fdb4e1947ed2190586af5c5a8a8b71122bdf5a7f469"
dependencies = [
 "libc",
]

[[package]]
name = "crossbeam-utils"
version = "0.8.5"
source = "registry+https://github.com/rust-lang/crates.io-index"
checksum = "d82cfc11ce7f2c3faef78d8a684447b40d503d9681acebed6cb728d45940c4db"
dependencies = [
 "cfg-if",
 "lazy_static",
]

[[package]]
name = "crypto-mac"
version = "0.11.1"
source = "registry+https://github.com/rust-lang/crates.io-index"
checksum = "b1d1a86f49236c215f271d40892d5fc950490551400b02ef360692c29815c714"
dependencies = [
 "generic-array",
 "subtle",
]

[[package]]
name = "curve25519-dalek"
version = "3.2.0"
source = "registry+https://github.com/rust-lang/crates.io-index"
checksum = "0b9fdf9972b2bd6af2d913799d9ebc165ea4d2e65878e329d9c6b372c4491b61"
dependencies = [
 "byteorder",
 "digest",
 "rand_core 0.5.1",
 "subtle",
 "zeroize",
]

[[package]]
name = "derivative"
version = "2.2.0"
source = "registry+https://github.com/rust-lang/crates.io-index"
checksum = "fcc3dd5e9e9c0b295d6e1e4d811fb6f157d5ffd784b8d202fc62eac8035a770b"
dependencies = [
 "proc-macro2",
 "quote",
 "syn",
]

[[package]]
name = "derive_arbitrary"
version = "0.4.7"
source = "registry+https://github.com/rust-lang/crates.io-index"
checksum = "b1a012b5e473dc912f0db0546a1c9c6a194ce8494feb66fa0237160926f9e0e6"
dependencies = [
 "proc-macro2",
 "quote",
 "syn",
]

[[package]]
name = "devolutions-crypto"
version = "0.8.0"
dependencies = [
 "aead",
 "aes",
 "arbitrary",
 "base64",
 "block-modes",
 "byteorder",
 "cbindgen",
 "cfg-if",
 "chacha20poly1305",
 "ed25519-dalek",
 "getrandom 0.1.16",
 "getrandom 0.2.3",
 "hmac",
 "js-sys",
 "num_enum",
 "pbkdf2",
 "pyo3",
 "rand 0.8.4",
 "rand_core 0.5.1",
 "rust-argon2",
 "scrypt",
 "sha2",
 "sharks",
 "strum",
 "strum_macros",
 "subtle",
 "wasm-bindgen",
 "wasm-bindgen-test",
 "x25519-dalek",
 "zeroize",
 "zeroize_derive",
]

[[package]]
name = "digest"
version = "0.9.0"
source = "registry+https://github.com/rust-lang/crates.io-index"
checksum = "d3dd60d1080a57a05ab032377049e0591415d2b31afd7028356dbf3cc6dcb066"
dependencies = [
 "generic-array",
]

[[package]]
name = "ed25519"
version = "1.2.0"
source = "registry+https://github.com/rust-lang/crates.io-index"
checksum = "4620d40f6d2601794401d6dd95a5cf69b6c157852539470eeda433a99b3c0efc"
dependencies = [
 "signature",
]

[[package]]
name = "ed25519-dalek"
version = "1.0.1"
source = "registry+https://github.com/rust-lang/crates.io-index"
checksum = "c762bae6dcaf24c4c84667b8579785430908723d5c889f469d76a41d59cc7a9d"
dependencies = [
 "curve25519-dalek",
 "ed25519",
 "rand 0.7.3",
 "serde",
 "sha2",
 "zeroize",
]

[[package]]
name = "generic-array"
version = "0.14.4"
source = "registry+https://github.com/rust-lang/crates.io-index"
checksum = "501466ecc8a30d1d3b7fc9229b122b2ce8ed6e9d9223f1138d4babb253e51817"
dependencies = [
 "typenum",
 "version_check",
]

[[package]]
name = "getrandom"
version = "0.1.16"
source = "registry+https://github.com/rust-lang/crates.io-index"
checksum = "8fc3cb4d91f53b50155bdcfd23f6a4c39ae1969c2ae85982b135750cccaf5fce"
dependencies = [
 "cfg-if",
 "js-sys",
 "libc",
 "wasi 0.9.0+wasi-snapshot-preview1",
 "wasm-bindgen",
]

[[package]]
name = "getrandom"
version = "0.2.3"
source = "registry+https://github.com/rust-lang/crates.io-index"
checksum = "7fcd999463524c52659517fe2cea98493cfe485d10565e7b0fb07dbba7ad2753"
dependencies = [
 "cfg-if",
 "js-sys",
 "libc",
 "wasi 0.10.2+wasi-snapshot-preview1",
 "wasm-bindgen",
]

[[package]]
name = "hashbrown"
version = "0.9.1"
source = "registry+https://github.com/rust-lang/crates.io-index"
checksum = "d7afe4a420e3fe79967a00898cc1f4db7c8a49a9333a29f8a4bd76a253d5cd04"
dependencies = [
 "ahash",
]

[[package]]
name = "hashbrown"
version = "0.11.2"
source = "registry+https://github.com/rust-lang/crates.io-index"
checksum = "ab5ef0d4909ef3724cc8cce6ccc8572c5c817592e9285f5464f8e86f8bd3726e"

[[package]]
name = "heck"
version = "0.3.3"
source = "registry+https://github.com/rust-lang/crates.io-index"
checksum = "6d621efb26863f0e9924c6ac577e8275e5e6b77455db64ffa6c65c904e9e132c"
dependencies = [
 "unicode-segmentation",
]

[[package]]
name = "hermit-abi"
version = "0.1.19"
source = "registry+https://github.com/rust-lang/crates.io-index"
checksum = "62b467343b94ba476dcb2500d242dadbb39557df889310ac77c5d99100aaac33"
dependencies = [
 "libc",
]

[[package]]
name = "hmac"
version = "0.11.0"
source = "registry+https://github.com/rust-lang/crates.io-index"
checksum = "2a2a2320eb7ec0ebe8da8f744d7812d9fc4cb4d09344ac01898dbcb6a20ae69b"
dependencies = [
 "crypto-mac",
 "digest",
]

[[package]]
name = "indexmap"
version = "1.7.0"
source = "registry+https://github.com/rust-lang/crates.io-index"
checksum = "bc633605454125dec4b66843673f01c7df2b89479b32e0ed634e43a91cff62a5"
dependencies = [
 "autocfg",
 "hashbrown 0.11.2",
]

[[package]]
name = "indoc"
version = "0.3.6"
source = "registry+https://github.com/rust-lang/crates.io-index"
checksum = "47741a8bc60fb26eb8d6e0238bbb26d8575ff623fdc97b1a2c00c050b9684ed8"
dependencies = [
 "indoc-impl",
 "proc-macro-hack",
]

[[package]]
name = "indoc-impl"
version = "0.3.6"
source = "registry+https://github.com/rust-lang/crates.io-index"
checksum = "ce046d161f000fffde5f432a0d034d0341dc152643b2598ed5bfce44c4f3a8f0"
dependencies = [
 "proc-macro-hack",
 "proc-macro2",
 "quote",
 "syn",
 "unindent",
]

[[package]]
name = "instant"
version = "0.1.12"
source = "registry+https://github.com/rust-lang/crates.io-index"
checksum = "7a5bbe824c507c5da5956355e86a746d82e0e1464f65d862cc5e71da70e94b2c"
dependencies = [
 "cfg-if",
]

[[package]]
name = "itoa"
version = "0.4.8"
source = "registry+https://github.com/rust-lang/crates.io-index"
checksum = "b71991ff56294aa922b450139ee08b3bfc70982c6b2c7562771375cf73542dd4"

[[package]]
name = "js-sys"
version = "0.3.55"
source = "registry+https://github.com/rust-lang/crates.io-index"
checksum = "7cc9ffccd38c451a86bf13657df244e9c3f37493cce8e5e21e940963777acc84"
dependencies = [
 "wasm-bindgen",
]

[[package]]
name = "lazy_static"
version = "1.4.0"
source = "registry+https://github.com/rust-lang/crates.io-index"
checksum = "e2abad23fbc42b3700f2f279844dc832adb2b2eb069b2df918f455c4e18cc646"

[[package]]
name = "libc"
version = "0.2.104"
source = "registry+https://github.com/rust-lang/crates.io-index"
checksum = "7b2f96d100e1cf1929e7719b7edb3b90ab5298072638fccd77be9ce942ecdfce"

[[package]]
name = "lock_api"
version = "0.4.5"
source = "registry+https://github.com/rust-lang/crates.io-index"
checksum = "712a4d093c9976e24e7dbca41db895dabcbac38eb5f4045393d17a95bdfb1109"
dependencies = [
 "scopeguard",
]

[[package]]
name = "log"
version = "0.4.14"
source = "registry+https://github.com/rust-lang/crates.io-index"
checksum = "51b9bbe6c47d51fc3e1a9b945965946b4c44142ab8792c50835a980d362c2710"
dependencies = [
 "cfg-if",
]

[[package]]
name = "num_enum"
version = "0.5.4"
source = "registry+https://github.com/rust-lang/crates.io-index"
checksum = "3f9bd055fb730c4f8f4f57d45d35cd6b3f0980535b056dc7ff119cee6a66ed6f"
dependencies = [
 "derivative",
 "num_enum_derive",
]

[[package]]
name = "num_enum_derive"
version = "0.5.4"
source = "registry+https://github.com/rust-lang/crates.io-index"
checksum = "486ea01961c4a818096de679a8b740b26d9033146ac5291b1c98557658f8cdd9"
dependencies = [
 "proc-macro-crate",
 "proc-macro2",
 "quote",
 "syn",
]

[[package]]
name = "once_cell"
version = "1.8.0"
source = "registry+https://github.com/rust-lang/crates.io-index"
checksum = "692fcb63b64b1758029e0a96ee63e049ce8c5948587f2f7208df04625e5f6b56"

[[package]]
name = "opaque-debug"
version = "0.3.0"
source = "registry+https://github.com/rust-lang/crates.io-index"
checksum = "624a8340c38c1b80fd549087862da4ba43e08858af025b236e509b6649fc13d5"

[[package]]
name = "parking_lot"
version = "0.11.2"
source = "registry+https://github.com/rust-lang/crates.io-index"
checksum = "7d17b78036a60663b797adeaee46f5c9dfebb86948d1255007a1d6be0271ff99"
dependencies = [
 "instant",
 "lock_api",
 "parking_lot_core",
]

[[package]]
name = "parking_lot_core"
version = "0.8.5"
source = "registry+https://github.com/rust-lang/crates.io-index"
checksum = "d76e8e1493bcac0d2766c42737f34458f1c8c50c0d23bcb24ea953affb273216"
dependencies = [
 "cfg-if",
 "instant",
 "libc",
 "redox_syscall",
 "smallvec",
 "winapi",
]

[[package]]
name = "paste"
version = "0.1.18"
source = "registry+https://github.com/rust-lang/crates.io-index"
checksum = "45ca20c77d80be666aef2b45486da86238fabe33e38306bd3118fe4af33fa880"
dependencies = [
 "paste-impl",
 "proc-macro-hack",
]

[[package]]
name = "paste-impl"
version = "0.1.18"
source = "registry+https://github.com/rust-lang/crates.io-index"
checksum = "d95a7db200b97ef370c8e6de0088252f7e0dfff7d047a28528e47456c0fc98b6"
dependencies = [
 "proc-macro-hack",
]

[[package]]
name = "pbkdf2"
version = "0.9.0"
source = "registry+https://github.com/rust-lang/crates.io-index"
checksum = "f05894bce6a1ba4be299d0c5f29563e08af2bc18bb7d48313113bed71e904739"
dependencies = [
 "crypto-mac",
]

[[package]]
name = "poly1305"
version = "0.7.2"
source = "registry+https://github.com/rust-lang/crates.io-index"
checksum = "048aeb476be11a4b6ca432ca569e375810de9294ae78f4774e78ea98a9246ede"
dependencies = [
 "cpufeatures",
 "opaque-debug",
 "universal-hash",
]

[[package]]
name = "ppv-lite86"
version = "0.2.14"
source = "registry+https://github.com/rust-lang/crates.io-index"
checksum = "c3ca011bd0129ff4ae15cd04c4eef202cadf6c51c21e47aba319b4e0501db741"

[[package]]
name = "proc-macro-crate"
version = "1.1.0"
source = "registry+https://github.com/rust-lang/crates.io-index"
checksum = "1ebace6889caf889b4d3f76becee12e90353f2b8c7d875534a71e5742f8f6f83"
dependencies = [
 "thiserror",
 "toml",
]

[[package]]
name = "proc-macro-hack"
version = "0.5.19"
source = "registry+https://github.com/rust-lang/crates.io-index"
checksum = "dbf0c48bc1d91375ae5c3cd81e3722dff1abcf81a30960240640d223f59fe0e5"

[[package]]
name = "proc-macro2"
version = "1.0.30"
source = "registry+https://github.com/rust-lang/crates.io-index"
checksum = "edc3358ebc67bc8b7fa0c007f945b0b18226f78437d61bec735a9eb96b61ee70"
dependencies = [
 "unicode-xid",
]

[[package]]
name = "pyo3"
version = "0.15.0"
source = "registry+https://github.com/rust-lang/crates.io-index"
checksum = "64664505ce285a59b8b7e940fbe54ad65b1758a0810eddc5bc26df6f6ec8c557"
dependencies = [
 "cfg-if",
 "indoc",
 "libc",
 "parking_lot",
 "paste",
 "pyo3-build-config",
 "pyo3-macros",
 "unindent",
]

[[package]]
name = "pyo3-build-config"
version = "0.15.0"
source = "registry+https://github.com/rust-lang/crates.io-index"
checksum = "5f1e4a72de84cdcd69f62211b62f62753d0c11b7b5715f3467f3754dab22a7ca"
dependencies = [
 "once_cell",
]

[[package]]
name = "pyo3-macros"
version = "0.15.0"
source = "registry+https://github.com/rust-lang/crates.io-index"
checksum = "244f21d0a3887a9c02018b94e3b78d693dc7eca5c56839b7796a499cc364deb4"
dependencies = [
 "pyo3-macros-backend",
 "quote",
 "syn",
]

[[package]]
name = "pyo3-macros-backend"
version = "0.15.0"
source = "registry+https://github.com/rust-lang/crates.io-index"
checksum = "b3d3d18ac41d05199bb82645d56e39f8c8b4909a0137c6f2640f03685b29f672"
dependencies = [
 "proc-macro2",
 "pyo3-build-config",
 "quote",
 "syn",
]

[[package]]
name = "quote"
version = "1.0.10"
source = "registry+https://github.com/rust-lang/crates.io-index"
checksum = "38bc8cc6a5f2e3655e0899c1b848643b2562f853f114bfec7be120678e3ace05"
dependencies = [
 "proc-macro2",
]

[[package]]
name = "rand"
version = "0.7.3"
source = "registry+https://github.com/rust-lang/crates.io-index"
checksum = "6a6b1679d49b24bbfe0c803429aa1874472f50d9b363131f0e89fc356b544d03"
dependencies = [
 "getrandom 0.1.16",
 "libc",
 "rand_chacha 0.2.2",
 "rand_core 0.5.1",
 "rand_hc 0.2.0",
]

[[package]]
name = "rand"
version = "0.8.4"
source = "registry+https://github.com/rust-lang/crates.io-index"
checksum = "2e7573632e6454cf6b99d7aac4ccca54be06da05aca2ef7423d22d27d4d4bcd8"
dependencies = [
 "libc",
 "rand_chacha 0.3.1",
 "rand_core 0.6.3",
 "rand_hc 0.3.1",
]

[[package]]
name = "rand_chacha"
version = "0.2.2"
source = "registry+https://github.com/rust-lang/crates.io-index"
checksum = "f4c8ed856279c9737206bf725bf36935d8666ead7aa69b52be55af369d193402"
dependencies = [
 "ppv-lite86",
 "rand_core 0.5.1",
]

[[package]]
name = "rand_chacha"
version = "0.3.1"
source = "registry+https://github.com/rust-lang/crates.io-index"
checksum = "e6c10a63a0fa32252be49d21e7709d4d4baf8d231c2dbce1eaa8141b9b127d88"
dependencies = [
 "ppv-lite86",
 "rand_core 0.6.3",
]

[[package]]
name = "rand_core"
version = "0.5.1"
source = "registry+https://github.com/rust-lang/crates.io-index"
checksum = "90bde5296fc891b0cef12a6d03ddccc162ce7b2aff54160af9338f8d40df6d19"
dependencies = [
 "getrandom 0.1.16",
]

[[package]]
name = "rand_core"
version = "0.6.3"
source = "registry+https://github.com/rust-lang/crates.io-index"
checksum = "d34f1408f55294453790c48b2f1ebbb1c5b4b7563eb1f418bcfcfdbb06ebb4e7"
dependencies = [
 "getrandom 0.2.3",
]

[[package]]
name = "rand_hc"
version = "0.2.0"
source = "registry+https://github.com/rust-lang/crates.io-index"
checksum = "ca3129af7b92a17112d59ad498c6f81eaf463253766b90396d39ea7a39d6613c"
dependencies = [
 "rand_core 0.5.1",
]

[[package]]
name = "rand_hc"
version = "0.3.1"
source = "registry+https://github.com/rust-lang/crates.io-index"
checksum = "d51e9f596de227fda2ea6c84607f5558e196eeaf43c986b724ba4fb8fdf497e7"
dependencies = [
 "rand_core 0.6.3",
]

[[package]]
name = "redox_syscall"
version = "0.2.10"
source = "registry+https://github.com/rust-lang/crates.io-index"
checksum = "8383f39639269cde97d255a32bdb68c047337295414940c68bdd30c2e13203ff"
dependencies = [
 "bitflags",
]

[[package]]
name = "remove_dir_all"
version = "0.5.3"
source = "registry+https://github.com/rust-lang/crates.io-index"
checksum = "3acd125665422973a33ac9d3dd2df85edad0f4ae9b00dafb1a05e43a9f5ef8e7"
dependencies = [
 "winapi",
]

[[package]]
name = "rust-argon2"
version = "0.8.3"
source = "registry+https://github.com/rust-lang/crates.io-index"
checksum = "4b18820d944b33caa75a71378964ac46f58517c92b6ae5f762636247c09e78fb"
dependencies = [
 "base64",
 "blake2b_simd",
 "constant_time_eq",
 "crossbeam-utils",
]

[[package]]
name = "ryu"
version = "1.0.5"
source = "registry+https://github.com/rust-lang/crates.io-index"
checksum = "71d301d4193d031abdd79ff7e3dd721168a9572ef3fe51a1517aba235bd8f86e"

[[package]]
name = "salsa20"
version = "0.8.1"
source = "registry+https://github.com/rust-lang/crates.io-index"
checksum = "ecbd2eb639fd7cab5804a0837fe373cc2172d15437e804c054a9fb885cb923b0"
dependencies = [
 "cipher",
]

[[package]]
name = "scoped-tls"
version = "1.0.0"
source = "registry+https://github.com/rust-lang/crates.io-index"
checksum = "ea6a9290e3c9cf0f18145ef7ffa62d68ee0bf5fcd651017e586dc7fd5da448c2"

[[package]]
name = "scopeguard"
version = "1.1.0"
source = "registry+https://github.com/rust-lang/crates.io-index"
checksum = "d29ab0c6d3fc0ee92fe66e2d99f700eab17a8d57d1c1d3b748380fb20baa78cd"

[[package]]
name = "scrypt"
version = "0.8.0"
source = "registry+https://github.com/rust-lang/crates.io-index"
checksum = "9f2cc535b6997b0c755bf9344e71ca0e1be070d07ff792f1fcd31e7b90e07d5f"
dependencies = [
 "hmac",
 "pbkdf2",
 "salsa20",
 "sha2",
]

[[package]]
name = "serde"
version = "1.0.130"
source = "registry+https://github.com/rust-lang/crates.io-index"
checksum = "f12d06de37cf59146fbdecab66aa99f9fe4f78722e3607577a5375d66bd0c913"
dependencies = [
 "serde_derive",
]

[[package]]
name = "serde_derive"
version = "1.0.130"
source = "registry+https://github.com/rust-lang/crates.io-index"
checksum = "d7bc1a1ab1961464eae040d96713baa5a724a8152c1222492465b54322ec508b"
dependencies = [
 "proc-macro2",
 "quote",
 "syn",
]

[[package]]
name = "serde_json"
version = "1.0.68"
source = "registry+https://github.com/rust-lang/crates.io-index"
checksum = "0f690853975602e1bfe1ccbf50504d67174e3bcf340f23b5ea9992e0587a52d8"
dependencies = [
 "itoa",
 "ryu",
 "serde",
]

[[package]]
name = "sha2"
version = "0.9.8"
source = "registry+https://github.com/rust-lang/crates.io-index"
checksum = "b69f9a4c9740d74c5baa3fd2e547f9525fa8088a8a958e0ca2409a514e33f5fa"
dependencies = [
 "block-buffer",
 "cfg-if",
 "cpufeatures",
 "digest",
 "opaque-debug",
]

[[package]]
name = "sharks"
version = "0.5.0"
source = "registry+https://github.com/rust-lang/crates.io-index"
checksum = "902b1e955f8a2e429fb1bad49f83fb952e6195d3c360ac547ff00fb826388753"
dependencies = [
 "arbitrary",
 "hashbrown 0.9.1",
 "rand 0.8.4",
 "zeroize",
]

[[package]]
name = "signature"
version = "1.4.0"
source = "registry+https://github.com/rust-lang/crates.io-index"
checksum = "02658e48d89f2bec991f9a78e69cfa4c316f8d6a6c4ec12fae1aeb263d486788"

[[package]]
name = "smallvec"
version = "1.7.0"
source = "registry+https://github.com/rust-lang/crates.io-index"
checksum = "1ecab6c735a6bb4139c0caafd0cc3635748bbb3acf4550e8138122099251f309"

[[package]]
name = "strsim"
version = "0.8.0"
source = "registry+https://github.com/rust-lang/crates.io-index"
checksum = "8ea5119cdb4c55b55d432abb513a0429384878c15dde60cc77b1c99de1a95a6a"

[[package]]
name = "strum"
version = "0.23.0"
source = "registry+https://github.com/rust-lang/crates.io-index"
checksum = "cae14b91c7d11c9a851d3fbc80a963198998c2a64eec840477fa92d8ce9b70bb"

[[package]]
name = "strum_macros"
version = "0.22.0"
source = "registry+https://github.com/rust-lang/crates.io-index"
checksum = "339f799d8b549e3744c7ac7feb216383e4005d94bdb22561b3ab8f3b808ae9fb"
dependencies = [
 "heck",
 "proc-macro2",
 "quote",
 "syn",
]

[[package]]
name = "subtle"
version = "2.4.1"
source = "registry+https://github.com/rust-lang/crates.io-index"
checksum = "6bdef32e8150c2a081110b42772ffe7d7c9032b606bc226c8260fd97e0976601"

[[package]]
name = "syn"
version = "1.0.80"
source = "registry+https://github.com/rust-lang/crates.io-index"
checksum = "d010a1623fbd906d51d650a9916aaefc05ffa0e4053ff7fe601167f3e715d194"
dependencies = [
 "proc-macro2",
 "quote",
 "unicode-xid",
]

[[package]]
name = "synstructure"
version = "0.12.6"
source = "registry+https://github.com/rust-lang/crates.io-index"
checksum = "f36bdaa60a83aca3921b5259d5400cbf5e90fc51931376a9bd4a0eb79aa7210f"
dependencies = [
 "proc-macro2",
 "quote",
 "syn",
 "unicode-xid",
]

[[package]]
name = "tempfile"
version = "3.2.0"
source = "registry+https://github.com/rust-lang/crates.io-index"
checksum = "dac1c663cfc93810f88aed9b8941d48cabf856a1b111c29a40439018d870eb22"
dependencies = [
 "cfg-if",
 "libc",
 "rand 0.8.4",
 "redox_syscall",
 "remove_dir_all",
 "winapi",
]

[[package]]
name = "textwrap"
version = "0.11.0"
source = "registry+https://github.com/rust-lang/crates.io-index"
checksum = "d326610f408c7a4eb6f51c37c330e496b08506c9457c9d34287ecc38809fb060"
dependencies = [
 "unicode-width",
]

[[package]]
name = "thiserror"
version = "1.0.30"
source = "registry+https://github.com/rust-lang/crates.io-index"
checksum = "854babe52e4df1653706b98fcfc05843010039b406875930a70e4d9644e5c417"
dependencies = [
 "thiserror-impl",
]

[[package]]
name = "thiserror-impl"
version = "1.0.30"
source = "registry+https://github.com/rust-lang/crates.io-index"
checksum = "aa32fd3f627f367fe16f893e2597ae3c05020f8bba2666a4e6ea73d377e5714b"
dependencies = [
 "proc-macro2",
 "quote",
 "syn",
]

[[package]]
name = "toml"
version = "0.5.8"
source = "registry+https://github.com/rust-lang/crates.io-index"
checksum = "a31142970826733df8241ef35dc040ef98c679ab14d7c3e54d827099b3acecaa"
dependencies = [
 "serde",
]

[[package]]
name = "typenum"
version = "1.14.0"
source = "registry+https://github.com/rust-lang/crates.io-index"
checksum = "b63708a265f51345575b27fe43f9500ad611579e764c79edbc2037b1121959ec"

[[package]]
name = "unicode-segmentation"
version = "1.8.0"
source = "registry+https://github.com/rust-lang/crates.io-index"
checksum = "8895849a949e7845e06bd6dc1aa51731a103c42707010a5b591c0038fb73385b"

[[package]]
name = "unicode-width"
version = "0.1.9"
source = "registry+https://github.com/rust-lang/crates.io-index"
checksum = "3ed742d4ea2bd1176e236172c8429aaf54486e7ac098db29ffe6529e0ce50973"

[[package]]
name = "unicode-xid"
version = "0.2.2"
source = "registry+https://github.com/rust-lang/crates.io-index"
checksum = "8ccb82d61f80a663efe1f787a51b16b5a51e3314d6ac365b08639f52387b33f3"

[[package]]
name = "unindent"
version = "0.1.7"
source = "registry+https://github.com/rust-lang/crates.io-index"
checksum = "f14ee04d9415b52b3aeab06258a3f07093182b88ba0f9b8d203f211a7a7d41c7"

[[package]]
name = "universal-hash"
version = "0.4.1"
source = "registry+https://github.com/rust-lang/crates.io-index"
checksum = "9f214e8f697e925001e66ec2c6e37a4ef93f0f78c2eed7814394e10c62025b05"
dependencies = [
 "generic-array",
 "subtle",
]

[[package]]
name = "vec_map"
version = "0.8.2"
source = "registry+https://github.com/rust-lang/crates.io-index"
checksum = "f1bddf1187be692e79c5ffeab891132dfb0f236ed36a43c7ed39f1165ee20191"

[[package]]
name = "version_check"
version = "0.9.3"
source = "registry+https://github.com/rust-lang/crates.io-index"
checksum = "5fecdca9a5291cc2b8dcf7dc02453fee791a280f3743cb0905f8822ae463b3fe"

[[package]]
name = "wasi"
version = "0.9.0+wasi-snapshot-preview1"
source = "registry+https://github.com/rust-lang/crates.io-index"
checksum = "cccddf32554fecc6acb585f82a32a72e28b48f8c4c1883ddfeeeaa96f7d8e519"

[[package]]
name = "wasi"
version = "0.10.2+wasi-snapshot-preview1"
source = "registry+https://github.com/rust-lang/crates.io-index"
checksum = "fd6fbd9a79829dd1ad0cc20627bf1ed606756a7f77edff7b66b7064f9cb327c6"

[[package]]
name = "wasm-bindgen"
version = "0.2.78"
source = "registry+https://github.com/rust-lang/crates.io-index"
checksum = "632f73e236b219150ea279196e54e610f5dbafa5d61786303d4da54f84e47fce"
dependencies = [
 "cfg-if",
 "serde",
 "serde_json",
 "wasm-bindgen-macro",
]

[[package]]
name = "wasm-bindgen-backend"
version = "0.2.78"
source = "registry+https://github.com/rust-lang/crates.io-index"
checksum = "a317bf8f9fba2476b4b2c85ef4c4af8ff39c3c7f0cdfeed4f82c34a880aa837b"
dependencies = [
 "bumpalo",
 "lazy_static",
 "log",
 "proc-macro2",
 "quote",
 "syn",
 "wasm-bindgen-shared",
]

[[package]]
name = "wasm-bindgen-futures"
version = "0.4.28"
source = "registry+https://github.com/rust-lang/crates.io-index"
checksum = "8e8d7523cb1f2a4c96c1317ca690031b714a51cc14e05f712446691f413f5d39"
dependencies = [
 "cfg-if",
 "js-sys",
 "wasm-bindgen",
 "web-sys",
]

[[package]]
name = "wasm-bindgen-macro"
version = "0.2.78"
source = "registry+https://github.com/rust-lang/crates.io-index"
checksum = "d56146e7c495528bf6587663bea13a8eb588d39b36b679d83972e1a2dbbdacf9"
dependencies = [
 "quote",
 "wasm-bindgen-macro-support",
]

[[package]]
name = "wasm-bindgen-macro-support"
version = "0.2.78"
source = "registry+https://github.com/rust-lang/crates.io-index"
checksum = "7803e0eea25835f8abdc585cd3021b3deb11543c6fe226dcd30b228857c5c5ab"
dependencies = [
 "proc-macro2",
 "quote",
 "syn",
 "wasm-bindgen-backend",
 "wasm-bindgen-shared",
]

[[package]]
name = "wasm-bindgen-shared"
version = "0.2.78"
source = "registry+https://github.com/rust-lang/crates.io-index"
checksum = "0237232789cf037d5480773fe568aac745bfe2afbc11a863e97901780a6b47cc"

[[package]]
name = "wasm-bindgen-test"
version = "0.3.28"
source = "registry+https://github.com/rust-lang/crates.io-index"
checksum = "96f1aa7971fdf61ef0f353602102dbea75a56e225ed036c1e3740564b91e6b7e"
dependencies = [
 "console_error_panic_hook",
 "js-sys",
 "scoped-tls",
 "wasm-bindgen",
 "wasm-bindgen-futures",
 "wasm-bindgen-test-macro",
]

[[package]]
name = "wasm-bindgen-test-macro"
version = "0.3.28"
source = "registry+https://github.com/rust-lang/crates.io-index"
checksum = "6006f79628dfeb96a86d4db51fbf1344cd7fd8408f06fc9aa3c84913a4789688"
dependencies = [
 "proc-macro2",
 "quote",
]

[[package]]
name = "web-sys"
version = "0.3.55"
source = "registry+https://github.com/rust-lang/crates.io-index"
checksum = "38eb105f1c59d9eaa6b5cdc92b859d85b926e82cb2e0945cd0c9259faa6fe9fb"
dependencies = [
 "js-sys",
 "wasm-bindgen",
]

[[package]]
name = "winapi"
version = "0.3.9"
source = "registry+https://github.com/rust-lang/crates.io-index"
checksum = "5c839a674fcd7a98952e593242ea400abe93992746761e38641405d28b00f419"
dependencies = [
 "winapi-i686-pc-windows-gnu",
 "winapi-x86_64-pc-windows-gnu",
]

[[package]]
name = "winapi-i686-pc-windows-gnu"
version = "0.4.0"
source = "registry+https://github.com/rust-lang/crates.io-index"
checksum = "ac3b87c63620426dd9b991e5ce0329eff545bccbbb34f3be09ff6fb6ab51b7b6"

[[package]]
name = "winapi-x86_64-pc-windows-gnu"
version = "0.4.0"
source = "registry+https://github.com/rust-lang/crates.io-index"
checksum = "712e227841d057c1ee1cd2fb22fa7e5a5461ae8e48fa2ca79ec42cfc1931183f"

[[package]]
name = "x25519-dalek"
version = "1.2.0"
source = "registry+https://github.com/rust-lang/crates.io-index"
checksum = "2392b6b94a576b4e2bf3c5b2757d63f10ada8020a2e4d08ac849ebcf6ea8e077"
dependencies = [
 "curve25519-dalek",
 "rand_core 0.5.1",
 "zeroize",
]

[[package]]
name = "zeroize"
version = "1.3.0"
source = "registry+https://github.com/rust-lang/crates.io-index"
checksum = "4756f7db3f7b5574938c3eb1c117038b8e07f95ee6718c0efad4ac21508f1efd"
dependencies = [
 "zeroize_derive",
]

[[package]]
name = "zeroize_derive"
version = "1.2.0"
source = "registry+https://github.com/rust-lang/crates.io-index"
checksum = "bdff2024a851a322b08f179173ae2ba620445aef1e838f0c196820eade4ae0c7"
dependencies = [
 "proc-macro2",
 "quote",
 "syn",
 "synstructure",
]
